
Microsoft Visual Studio Solution File, Format Version 12.00
# Visual Studio Version 17
VisualStudioVersion = 17.10.34928.147
MinimumVisualStudioVersion = 10.0.40219.1
Project("{9A19103F-16F7-4668-BE54-9A1E7A4F7556}") = "MyRecipes", "WebApplication1\MyRecipes.csproj", "{FBF0CDE4-51D3-418A-9E60-6D6CC1782069}"
EndProject
Global
	GlobalSection(SolutionConfigurationPlatforms) = preSolution
		Debug|Any CPU = Debug|Any CPU
		Release|Any CPU = Release|Any CPU
	EndGlobalSection
	GlobalSection(ProjectConfigurationPlatforms) = postSolution
		{FBF0CDE4-51D3-418A-9E60-6D6CC1782069}.Debug|Any CPU.ActiveCfg = Debug|Any CPU
		{FBF0CDE4-51D3-418A-9E60-6D6CC1782069}.Debug|Any CPU.Build.0 = Debug|Any CPU
		{FBF0CDE4-51D3-418A-9E60-6D6CC1782069}.Release|Any CPU.ActiveCfg = Release|Any CPU
		{FBF0CDE4-51D3-418A-9E60-6D6CC1782069}.Release|Any CPU.Build.0 = Release|Any CPU
	EndGlobalSection
	GlobalSection(SolutionProperties) = preSolution
		HideSolutionNode = FALSE
	EndGlobalSection
	GlobalSection(ExtensibilityGlobals) = postSolution
		SolutionGuid = {9791DAF4-796D-4217-81E1-6B805FF91D0A}
	EndGlobalSection
EndGlobal
